{
  "version": "v1",
  "packages": {
    "babel-plugin-lingui-extract-messages": {
      "signature": "49891c341924c7f63b8b51eb43137bfd"
    },
    "babel-plugin-lingui-transform-js": {
      "signature": "fcb4b574bbdab087b2fc484e417b9824"
    },
    "babel-plugin-lingui-transform-react": {
      "signature": "f5e6190c6657c8c834245c7f695c29e2"
    },
    "lingui-cli": {
      "signature": "729f43221cc7a271e05f327512d72ef0"
    },
    "lingui-conf": {
      "signature": "a22eef9483d58587e181b857d0b7f741"
    },
    "lingui-i18n": {
      "signature": "56324c92c1e0246d3fe26ce68c74aa4c"
    },
    "lingui-loader": {
      "signature": "653492e8e45f3c22137f11863bb81e8d"
    },
    "lingui-react": {
      "signature": "08a40150852c970c0e192f8f6774218a"
    }
  }
}