{
  "version": "v1",
  "packages": {
    "@lingui/babel-plugin-extract-messages": {
      "signature": "0167e58987980fd1078cd3a5454e51f5"
    },
    "@lingui/babel-plugin-transform-js": {
      "signature": "a99eab187b9acfc3ad37948bba5d6d7b"
    },
    "@lingui/babel-plugin-transform-react": {
      "signature": "df8bdda7139057557adb663c2b47fe4a"
    },
    "@lingui/babel-preset-js": {
      "signature": "629c178fe10917019f171711a3009634"
    },
    "@lingui/babel-preset-react": {
      "signature": "e6c3dd405e54cbe26ab98295c2fea36f"
    },
    "@lingui/cli": {
      "signature": "940c0072160c8f445fb6768aaf171afc"
    },
    "@lingui/conf": {
      "signature": "9ada8afd419baf7b9f98983b5f5c3827"
    },
    "@lingui/core": {
      "signature": "c2053cee33c1c4241f69be837a76332c"
    },
    "@lingui/loader": {
      "signature": "16aab014ee8aedff80a7459e426f4452"
    },
    "@lingui/react": {
      "signature": "787ea0395b7b6689bca5aa0cdcc8ef33"
    }
  }
}