# THIS IS AN AUTOGENERATED FILE. DO NOT EDIT THIS FILE DIRECTLY.
# yarn lockfile v1


babel-plugin-lingui-transform-js@^1.0.1:
  version "1.0.1"
  resolved "https://registry.yarnpkg.com/babel-plugin-lingui-transform-js/-/babel-plugin-lingui-transform-js-1.0.1.tgz#8e7deeff77ecd7b6ba2548e5c4f5f5cb6ea01462"
  dependencies:
    babel-runtime "^6.23.0"

babel-plugin-lingui-transform-react@^1.0.4:
  version "1.0.4"
  resolved "https://registry.yarnpkg.com/babel-plugin-lingui-transform-react/-/babel-plugin-lingui-transform-react-1.0.4.tgz#dd27275abf56ecb00b022c2a513c4950c2fa15ea"
  dependencies:
    babel-runtime "^6.23.0"

babel-runtime@^6.23.0:
  version "6.23.0"
  resolved "https://registry.yarnpkg.com/babel-runtime/-/babel-runtime-6.23.0.tgz#0a9489f144de70efb3ce4300accdb329e2fc543b"
  dependencies:
    core-js "^2.4.0"
    regenerator-runtime "^0.10.0"

core-js@^2.4.0:
  version "2.4.1"
  resolved "https://registry.yarnpkg.com/core-js/-/core-js-2.4.1.tgz#4de911e667b0eae9124e34254b53aea6fc618d3e"

regenerator-runtime@^0.10.0:
  version "0.10.5"
  resolved "https://registry.yarnpkg.com/regenerator-runtime/-/regenerator-runtime-0.10.5.tgz#336c3efc1220adcedda2c9fab67b5a7955a33658"
