# THIS IS AN AUTOGENERATED FILE. DO NOT EDIT THIS FILE DIRECTLY.
# yarn lockfile v1


babel-plugin-lingui-extract-messages@^0.4.0:
  version "0.4.0"
  resolved "https://registry.yarnpkg.com/babel-plugin-lingui-extract-messages/-/babel-plugin-lingui-extract-messages-0.4.0.tgz#d9e21e5874484ed23b2f4de8264e903a377d49f5"
  dependencies:
    lingui-conf "^0.2.0"

babel-plugin-lingui-transform-js@^0.3.0:
  version "0.3.0"
  resolved "https://registry.yarnpkg.com/babel-plugin-lingui-transform-js/-/babel-plugin-lingui-transform-js-0.3.0.tgz#6e49b6b8a1b583b5aa2749d9ecf99ab094938f3f"

babel-plugin-lingui-transform-react@^0.4.0:
  version "0.4.0"
  resolved "https://registry.yarnpkg.com/babel-plugin-lingui-transform-react/-/babel-plugin-lingui-transform-react-0.4.0.tgz#300d56c6189d51e9eadcb9f228cb4f4fccb31779"

error-ex@^1.2.0:
  version "1.3.1"
  resolved "https://registry.yarnpkg.com/error-ex/-/error-ex-1.3.1.tgz#f855a86ce61adc4e8621c3cda21e7a7612c3a8dc"
  dependencies:
    is-arrayish "^0.2.1"

find-up@^2.0.0:
  version "2.1.0"
  resolved "https://registry.yarnpkg.com/find-up/-/find-up-2.1.0.tgz#45d1b7e506c717ddd482775a2b77920a3c0c57a7"
  dependencies:
    locate-path "^2.0.0"

graceful-fs@^4.1.2:
  version "4.1.11"
  resolved "https://registry.yarnpkg.com/graceful-fs/-/graceful-fs-4.1.11.tgz#0e8bdfe4d1ddb8854d64e04ea7c00e2a026e5658"

is-arrayish@^0.2.1:
  version "0.2.1"
  resolved "https://registry.yarnpkg.com/is-arrayish/-/is-arrayish-0.2.1.tgz#77c99840527aa8ecb1a8ba697b80645a7a926a9d"

lingui-conf@^0.2.0:
  version "0.2.0"
  resolved "https://registry.yarnpkg.com/lingui-conf/-/lingui-conf-0.2.0.tgz#2aa04409ccd40682439ea6faf87fc8dd13642f3c"
  dependencies:
    pkg-conf "^2.0.0"

load-json-file@^2.0.0:
  version "2.0.0"
  resolved "https://registry.yarnpkg.com/load-json-file/-/load-json-file-2.0.0.tgz#7947e42149af80d696cbf797bcaabcfe1fe29ca8"
  dependencies:
    graceful-fs "^4.1.2"
    parse-json "^2.2.0"
    pify "^2.0.0"
    strip-bom "^3.0.0"

locate-path@^2.0.0:
  version "2.0.0"
  resolved "https://registry.yarnpkg.com/locate-path/-/locate-path-2.0.0.tgz#2b568b265eec944c6d9c0de9c3dbbbca0354cd8e"
  dependencies:
    p-locate "^2.0.0"
    path-exists "^3.0.0"

p-limit@^1.1.0:
  version "1.1.0"
  resolved "https://registry.yarnpkg.com/p-limit/-/p-limit-1.1.0.tgz#b07ff2d9a5d88bec806035895a2bab66a27988bc"

p-locate@^2.0.0:
  version "2.0.0"
  resolved "https://registry.yarnpkg.com/p-locate/-/p-locate-2.0.0.tgz#20a0103b222a70c8fd39cc2e580680f3dde5ec43"
  dependencies:
    p-limit "^1.1.0"

parse-json@^2.2.0:
  version "2.2.0"
  resolved "https://registry.yarnpkg.com/parse-json/-/parse-json-2.2.0.tgz#f480f40434ef80741f8469099f8dea18f55a4dc9"
  dependencies:
    error-ex "^1.2.0"

path-exists@^3.0.0:
  version "3.0.0"
  resolved "https://registry.yarnpkg.com/path-exists/-/path-exists-3.0.0.tgz#ce0ebeaa5f78cb18925ea7d810d7b59b010fd515"

pify@^2.0.0:
  version "2.3.0"
  resolved "https://registry.yarnpkg.com/pify/-/pify-2.3.0.tgz#ed141a6ac043a849ea588498e7dca8b15330e90c"

pkg-conf@^2.0.0:
  version "2.0.0"
  resolved "https://registry.yarnpkg.com/pkg-conf/-/pkg-conf-2.0.0.tgz#071c87650403bccfb9c627f58751bfe47c067279"
  dependencies:
    find-up "^2.0.0"
    load-json-file "^2.0.0"

strip-bom@^3.0.0:
  version "3.0.0"
  resolved "https://registry.yarnpkg.com/strip-bom/-/strip-bom-3.0.0.tgz#2334c18e9c759f7bdd56fdef7e9ae3d588e68ed3"
