# THIS IS AN AUTOGENERATED FILE. DO NOT EDIT THIS FILE DIRECTLY.
# yarn lockfile v1


lingui-formats@^0.2.0:
  version "0.2.0"
  resolved "https://registry.yarnpkg.com/lingui-formats/-/lingui-formats-0.2.0.tgz#84f12d7830b4b994d0e0827abb23b73b0769fc4a"

lingui-i18n@^0.5.0:
  version "0.5.0"
  resolved "https://registry.yarnpkg.com/lingui-i18n/-/lingui-i18n-0.5.0.tgz#7cbe911a1fbd61e875bab4565f9e16c0ef1a8fcc"
  dependencies:
    lingui-formats "^0.2.0"
    make-plural "^4.0.1"
    messageformat-parser "^1.0.0"

make-plural@^4.0.1:
  version "4.0.1"
  resolved "https://registry.yarnpkg.com/make-plural/-/make-plural-4.0.1.tgz#be9cb73f54341a0289699b6abf643973d3bedd53"
  optionalDependencies:
    minimist "^1.2.0"

messageformat-parser@^1.0.0:
  version "1.0.0"
  resolved "https://registry.yarnpkg.com/messageformat-parser/-/messageformat-parser-1.0.0.tgz#3dea21419f141c50026a29d4b2239203ad613d3f"

minimist@^1.2.0:
  version "1.2.0"
  resolved "https://registry.yarnpkg.com/minimist/-/minimist-1.2.0.tgz#a35008b20f41383eec1fb914f4cd5df79a264284"
