{
  "version": "v1",
  "packages": {
    "@lingui/babel-plugin-extract-messages": {
      "signature": "9fef92f5282e0140751edf7ceadc16f6"
    },
    "@lingui/babel-plugin-transform-js": {
      "signature": "21e6054b74f31de3da3cff010068b5c6"
    },
    "@lingui/babel-plugin-transform-react": {
      "signature": "be5f9053289fa6bc5893548b2d502ef6"
    },
    "@lingui/babel-preset-js": {
      "signature": "9506ed368ede4d9ef4dc75f87a509b6d"
    },
    "@lingui/babel-preset-react": {
      "signature": "a0993d1d4c4453d33044b6886227c407"
    },
    "@lingui/cli": {
      "signature": "05260b0bedf54ab2fcbe5f0a61100bcf"
    },
    "@lingui/conf": {
      "signature": "b17722768b0731972502756807c9aa6b"
    },
    "@lingui/core": {
      "signature": "61bc1ef8bd8d3208d4de891cb0211d01"
    },
    "@lingui/loader": {
      "signature": "31d877c935095e5f77e9b3e890ad6e23"
    },
    "@lingui/react": {
      "signature": "6a022ad907f442a83640c6d2dd2a52e6"
    }
  }
}