# THIS IS AN AUTOGENERATED FILE. DO NOT EDIT THIS FILE DIRECTLY.
# yarn lockfile v1


babel-runtime@^6.26.0:
  version "6.26.0"
  resolved "https://registry.yarnpkg.com/babel-runtime/-/babel-runtime-6.26.0.tgz#965c7058668e82b55d7bfe04ff2337bc8b5647fe"
  dependencies:
    core-js "^2.4.0"
    regenerator-runtime "^0.11.0"

core-js@^2.4.0:
  version "2.4.1"
  resolved "https://registry.yarnpkg.com/core-js/-/core-js-2.4.1.tgz#4de911e667b0eae9124e34254b53aea6fc618d3e"

lingui-formats@^1.0.3:
  version "1.0.3"
  resolved "https://registry.yarnpkg.com/lingui-formats/-/lingui-formats-1.0.3.tgz#a81f69d7cef73ee86938c2dfa4979512dcded6cd"

make-plural@^4.0.1:
  version "4.0.1"
  resolved "https://registry.yarnpkg.com/make-plural/-/make-plural-4.0.1.tgz#be9cb73f54341a0289699b6abf643973d3bedd53"
  optionalDependencies:
    minimist "^1.2.0"

messageformat-parser@^1.1.0:
  version "1.1.0"
  resolved "https://registry.yarnpkg.com/messageformat-parser/-/messageformat-parser-1.1.0.tgz#13ba2250a76bbde8e0fca0dbb3475f95c594a90a"

minimist@^1.2.0:
  version "1.2.0"
  resolved "https://registry.yarnpkg.com/minimist/-/minimist-1.2.0.tgz#a35008b20f41383eec1fb914f4cd5df79a264284"

regenerator-runtime@^0.11.0:
  version "0.11.0"
  resolved "https://registry.yarnpkg.com/regenerator-runtime/-/regenerator-runtime-0.11.0.tgz#7e54fe5b5ccd5d6624ea6255c3473be090b802e1"
