# THIS IS AN AUTOGENERATED FILE. DO NOT EDIT THIS FILE DIRECTLY.
# yarn lockfile v1


babel-runtime@^6.23.0:
  version "6.23.0"
  resolved "https://registry.yarnpkg.com/babel-runtime/-/babel-runtime-6.23.0.tgz#0a9489f144de70efb3ce4300accdb329e2fc543b"
  dependencies:
    core-js "^2.4.0"
    regenerator-runtime "^0.10.0"

core-js@^2.4.0:
  version "2.4.1"
  resolved "https://registry.yarnpkg.com/core-js/-/core-js-2.4.1.tgz#4de911e667b0eae9124e34254b53aea6fc618d3e"

lingui-formats@^1.0.0-1:
  version "1.0.0-1"
  resolved "https://registry.yarnpkg.com/lingui-formats/-/lingui-formats-1.0.0-1.tgz#3863faf8a53f7786340978627a430b13467bd61a"

make-plural@^4.0.1:
  version "4.0.1"
  resolved "https://registry.yarnpkg.com/make-plural/-/make-plural-4.0.1.tgz#be9cb73f54341a0289699b6abf643973d3bedd53"
  optionalDependencies:
    minimist "^1.2.0"

messageformat-parser@^1.0.0:
  version "1.0.0"
  resolved "https://registry.yarnpkg.com/messageformat-parser/-/messageformat-parser-1.0.0.tgz#3dea21419f141c50026a29d4b2239203ad613d3f"

minimist@^1.2.0:
  version "1.2.0"
  resolved "https://registry.yarnpkg.com/minimist/-/minimist-1.2.0.tgz#a35008b20f41383eec1fb914f4cd5df79a264284"

regenerator-runtime@^0.10.0:
  version "0.10.5"
  resolved "https://registry.yarnpkg.com/regenerator-runtime/-/regenerator-runtime-0.10.5.tgz#336c3efc1220adcedda2c9fab67b5a7955a33658"
