# THIS IS AN AUTOGENERATED FILE. DO NOT EDIT THIS FILE DIRECTLY.
# yarn lockfile v1


ansi-regex@^3.0.0:
  version "3.0.0"
  resolved "https://registry.yarnpkg.com/ansi-regex/-/ansi-regex-3.0.0.tgz#ed0317c322064f79466c02966bddb605ab37d998"

ansi-styles@^3.1.0, ansi-styles@^3.2.0:
  version "3.2.0"
  resolved "https://registry.yarnpkg.com/ansi-styles/-/ansi-styles-3.2.0.tgz#c159b8d5be0f9e5a6f346dab94f16ce022161b88"
  dependencies:
    color-convert "^1.9.0"

babel-plugin-lingui-transform-js@^1.0.4:
  version "1.0.4"
  resolved "https://registry.yarnpkg.com/babel-plugin-lingui-transform-js/-/babel-plugin-lingui-transform-js-1.0.4.tgz#fe3c8a1e30a2853359966741ab728f299436eb73"
  dependencies:
    babel-runtime "^6.23.0"

babel-plugin-lingui-transform-react@^1.1.2:
  version "1.1.2"
  resolved "https://registry.yarnpkg.com/babel-plugin-lingui-transform-react/-/babel-plugin-lingui-transform-react-1.1.2.tgz#9a22d016f43e75a506409bf63bd7aa43f35ffbc1"
  dependencies:
    babel-runtime "^6.23.0"

babel-runtime@^6.23.0, babel-runtime@^6.26.0:
  version "6.26.0"
  resolved "https://registry.yarnpkg.com/babel-runtime/-/babel-runtime-6.26.0.tgz#965c7058668e82b55d7bfe04ff2337bc8b5647fe"
  dependencies:
    core-js "^2.4.0"
    regenerator-runtime "^0.11.0"

chalk@^2.0.1, chalk@^2.1.0:
  version "2.3.0"
  resolved "https://registry.yarnpkg.com/chalk/-/chalk-2.3.0.tgz#b5ea48efc9c1793dccc9b4767c93914d3f2d52ba"
  dependencies:
    ansi-styles "^3.1.0"
    escape-string-regexp "^1.0.5"
    supports-color "^4.0.0"

color-convert@^1.9.0:
  version "1.9.1"
  resolved "https://registry.yarnpkg.com/color-convert/-/color-convert-1.9.1.tgz#c1261107aeb2f294ebffec9ed9ecad529a6097ed"
  dependencies:
    color-name "^1.1.1"

color-name@^1.1.1:
  version "1.1.3"
  resolved "https://registry.yarnpkg.com/color-name/-/color-name-1.1.3.tgz#a7d0558bd89c42f795dd42328f740831ca53bc25"

core-js@^2.4.0:
  version "2.4.1"
  resolved "https://registry.yarnpkg.com/core-js/-/core-js-2.4.1.tgz#4de911e667b0eae9124e34254b53aea6fc618d3e"

error-ex@^1.2.0:
  version "1.3.1"
  resolved "https://registry.yarnpkg.com/error-ex/-/error-ex-1.3.1.tgz#f855a86ce61adc4e8621c3cda21e7a7612c3a8dc"
  dependencies:
    is-arrayish "^0.2.1"

escape-string-regexp@^1.0.5:
  version "1.0.5"
  resolved "https://registry.yarnpkg.com/escape-string-regexp/-/escape-string-regexp-1.0.5.tgz#1b61c0562190a8dff6ae3bb2cf0200ca130b86d4"

find-up@^2.0.0:
  version "2.1.0"
  resolved "https://registry.yarnpkg.com/find-up/-/find-up-2.1.0.tgz#45d1b7e506c717ddd482775a2b77920a3c0c57a7"
  dependencies:
    locate-path "^2.0.0"

graceful-fs@^4.1.2:
  version "4.1.11"
  resolved "https://registry.yarnpkg.com/graceful-fs/-/graceful-fs-4.1.11.tgz#0e8bdfe4d1ddb8854d64e04ea7c00e2a026e5658"

has-flag@^2.0.0:
  version "2.0.0"
  resolved "https://registry.yarnpkg.com/has-flag/-/has-flag-2.0.0.tgz#e8207af1cc7b30d446cc70b734b5e8be18f88d51"

is-arrayish@^0.2.1:
  version "0.2.1"
  resolved "https://registry.yarnpkg.com/is-arrayish/-/is-arrayish-0.2.1.tgz#77c99840527aa8ecb1a8ba697b80645a7a926a9d"

jest-get-type@^21.2.0:
  version "21.2.0"
  resolved "https://registry.yarnpkg.com/jest-get-type/-/jest-get-type-21.2.0.tgz#f6376ab9db4b60d81e39f30749c6c466f40d4a23"

jest-regex-util@^21.2.0:
  version "21.2.0"
  resolved "https://registry.yarnpkg.com/jest-regex-util/-/jest-regex-util-21.2.0.tgz#1b1e33e63143babc3e0f2e6c9b5ba1eb34b2d530"

jest-validate@^21.2.1:
  version "21.2.1"
  resolved "https://registry.yarnpkg.com/jest-validate/-/jest-validate-21.2.1.tgz#cc0cbca653cd54937ba4f2a111796774530dd3c7"
  dependencies:
    chalk "^2.0.1"
    jest-get-type "^21.2.0"
    leven "^2.1.0"
    pretty-format "^21.2.1"

leven@^2.1.0:
  version "2.1.0"
  resolved "https://registry.yarnpkg.com/leven/-/leven-2.1.0.tgz#c2e7a9f772094dee9d34202ae8acce4687875580"

lingui-conf@^0.11.0:
  version "0.11.0"
  resolved "https://registry.yarnpkg.com/lingui-conf/-/lingui-conf-0.11.0.tgz#5843ad4527d948378a8d9a9b04c268674d670aba"
  dependencies:
    chalk "^2.1.0"
    jest-regex-util "^21.2.0"
    jest-validate "^21.2.1"
    pkg-conf "^2.0.0"

load-json-file@^2.0.0:
  version "2.0.0"
  resolved "https://registry.yarnpkg.com/load-json-file/-/load-json-file-2.0.0.tgz#7947e42149af80d696cbf797bcaabcfe1fe29ca8"
  dependencies:
    graceful-fs "^4.1.2"
    parse-json "^2.2.0"
    pify "^2.0.0"
    strip-bom "^3.0.0"

locate-path@^2.0.0:
  version "2.0.0"
  resolved "https://registry.yarnpkg.com/locate-path/-/locate-path-2.0.0.tgz#2b568b265eec944c6d9c0de9c3dbbbca0354cd8e"
  dependencies:
    p-locate "^2.0.0"
    path-exists "^3.0.0"

p-limit@^1.1.0:
  version "1.1.0"
  resolved "https://registry.yarnpkg.com/p-limit/-/p-limit-1.1.0.tgz#b07ff2d9a5d88bec806035895a2bab66a27988bc"

p-locate@^2.0.0:
  version "2.0.0"
  resolved "https://registry.yarnpkg.com/p-locate/-/p-locate-2.0.0.tgz#20a0103b222a70c8fd39cc2e580680f3dde5ec43"
  dependencies:
    p-limit "^1.1.0"

parse-json@^2.2.0:
  version "2.2.0"
  resolved "https://registry.yarnpkg.com/parse-json/-/parse-json-2.2.0.tgz#f480f40434ef80741f8469099f8dea18f55a4dc9"
  dependencies:
    error-ex "^1.2.0"

path-exists@^3.0.0:
  version "3.0.0"
  resolved "https://registry.yarnpkg.com/path-exists/-/path-exists-3.0.0.tgz#ce0ebeaa5f78cb18925ea7d810d7b59b010fd515"

pify@^2.0.0:
  version "2.3.0"
  resolved "https://registry.yarnpkg.com/pify/-/pify-2.3.0.tgz#ed141a6ac043a849ea588498e7dca8b15330e90c"

pkg-conf@^2.0.0:
  version "2.0.0"
  resolved "https://registry.yarnpkg.com/pkg-conf/-/pkg-conf-2.0.0.tgz#071c87650403bccfb9c627f58751bfe47c067279"
  dependencies:
    find-up "^2.0.0"
    load-json-file "^2.0.0"

pretty-format@^21.2.1:
  version "21.2.1"
  resolved "https://registry.yarnpkg.com/pretty-format/-/pretty-format-21.2.1.tgz#ae5407f3cf21066cd011aa1ba5fce7b6a2eddb36"
  dependencies:
    ansi-regex "^3.0.0"
    ansi-styles "^3.2.0"

regenerator-runtime@^0.11.0:
  version "0.11.0"
  resolved "https://registry.yarnpkg.com/regenerator-runtime/-/regenerator-runtime-0.11.0.tgz#7e54fe5b5ccd5d6624ea6255c3473be090b802e1"

strip-bom@^3.0.0:
  version "3.0.0"
  resolved "https://registry.yarnpkg.com/strip-bom/-/strip-bom-3.0.0.tgz#2334c18e9c759f7bdd56fdef7e9ae3d588e68ed3"

supports-color@^4.0.0:
  version "4.5.0"
  resolved "https://registry.yarnpkg.com/supports-color/-/supports-color-4.5.0.tgz#be7a0de484dec5c5cddf8b3d59125044912f635b"
  dependencies:
    has-flag "^2.0.0"
